{
  "name": "obsidian-md",
  "version": "0.0.1",
  "lockfileVersion": 2,
  "requires": true,
  "packages": {
    "": {
      "name": "obsidian-md",
      "version": "0.0.1",
      "license": "MIT",
      "dependencies": {
        "appdata-path": "^1.0.0",
        "moment": "^2.29.4"
      },
      "engines": {
        "vscode": "^1.32.0"
      }
    },
    "node_modules/appdata-path": {
      "version": "1.0.0",
      "resolved": "https://registry.npmjs.org/appdata-path/-/appdata-path-1.0.0.tgz",
      "integrity": "sha512-ZbH3ezXfnT/YE3NdqduIt4lBV+H0ybvA2Qx3K76gIjQvh8gROpDFdDLpx6B1QJtW7zxisCbpTlCLhKqoR8cDBw=="
    },
    "node_modules/moment": {
      "version": "2.29.4",
      "resolved": "https://registry.npmjs.org/moment/-/moment-2.29.4.tgz",
      "integrity": "sha512-5LC9SOxjSc2HF6vO2CyuTDNivEdoz2IvyJJGj6X8DJ0eFyfszE0QiEd+iXmBvUP3WHxSjFH/vIsA0EN00cgr8w==",
      "engines": {
        "node": "*"
      }
    }
  },
  "dependencies": {
    "appdata-path": {
      "version": "1.0.0",
      "resolved": "https://registry.npmjs.org/appdata-path/-/appdata-path-1.0.0.tgz",
      "integrity": "sha512-ZbH3ezXfnT/YE3NdqduIt4lBV+H0ybvA2Qx3K76gIjQvh8gROpDFdDLpx6B1QJtW7zxisCbpTlCLhKqoR8cDBw=="
    },
    "moment": {
      "version": "2.29.4",
      "resolved": "https://registry.npmjs.org/moment/-/moment-2.29.4.tgz",
      "integrity": "sha512-5LC9SOxjSc2HF6vO2CyuTDNivEdoz2IvyJJGj6X8DJ0eFyfszE0QiEd+iXmBvUP3WHxSjFH/vIsA0EN00cgr8w=="
    }
  }
}
